Microsoft Visual Studio Solution File, Format Version 12.00
# Visual Studio Version 17
VisualStudioVersion = 17.5.2.0
MinimumVisualStudioVersion = 10.0.40219.1
Project("{2150E333-8FDC-42A3-9474-1A3956D46DE8}") = "01-CalculadoraSimples", "01-CalculadoraSimples", "{05D46BEC-C62D-B6A5-8452-E40B2F447C4C}"
EndProject
Project("{2150E333-8FDC-42A3-9474-1A3956D46DE8}") = "02-VerificadorIdade", "02-VerificadorIdade", "{69383A18-DCFB-6116-9838-09252E39B0C4}"
EndProject
Project("{2150E333-8FDC-42A3-9474-1A3956D46DE8}") = "03-Tabuada", "03-Tabuada", "{7F361F5B-F714-1379-6BF6-2914FA06F736}"
EndProject
Project("{2150E333-8FDC-42A3-9474-1A3956D46DE8}") = "04-ListaCompras", "04-ListaCompras", "{91D280DC-6D25-7D09-2AF2-11E47C16F257}"
EndProject
Project("{2150E333-8FDC-42A3-9474-1A3956D46DE8}") = "05-JogoAdivinhacao", "05-JogoAdivinhacao", "{B00DBA83-3D86-D462-ECF5-A5C3183DC23C}"
EndProject
Project("{2150E333-8FDC-42A3-9474-1A3956D46DE8}") = "06-CadastroAlunos", "06-CadastroAlunos", "{DCC6A589-FEDF-C669-2F4A-13CB4E133CF8}"
EndProject
Project("{2150E333-8FDC-42A3-9474-1A3956D46DE8}") = "07-ConversorMoedas", "07-ConversorMoedas", "{6EB04920-6D46-56DF-438A-4496118F7695}"
EndProject
Project("{2150E333-8FDC-42A3-9474-1A3956D46DE8}") = "08-SistemaBiblioteca", "08-SistemaBiblioteca", "{B824815F-7455-B84E-A6E9-01518FE3584E}"
EndProject
Project("{2150E333-8FDC-42A3-9474-1A3956D46DE8}") = "09-JogoDaVelha", "09-JogoDaVelha", "{8C48FADC-D688-E64D-8588-EE09E4EFB117}"
EndProject
Project("{2150E333-8FDC-42A3-9474-1A3956D46DE8}") = "10-SistemaBancario", "10-SistemaBancario", "{3BC4B547-B666-C9EE-DB31-43B891865FA5}"
EndProject
Project("{FAE04EC0-301F-11D3-BF4B-00C04F79EFBC}") = "CalculadoraSimples", "01-CalculadoraSimples\CalculadoraSimples.csproj", "{2ADF0B25-D7EE-998A-D904-D465ECC2C37E}"
EndProject
Project("{FAE04EC0-301F-11D3-BF4B-00C04F79EFBC}") = "VerificadorIdade", "02-VerificadorIdade\VerificadorIdade.csproj", "{C148DB7A-08BC-B71B-7417-F52471E62367}"
EndProject
Project("{FAE04EC0-301F-11D3-BF4B-00C04F79EFBC}") = "Tabuada", "03-Tabuada\Tabuada.csproj", "{51AC2237-8BD0-F658-DFFD-9558AF00B769}"
EndProject
Project("{FAE04EC0-301F-11D3-BF4B-00C04F79EFBC}") = "ListaCompras", "04-ListaCompras\ListaCompras.csproj", "{A0C31F0D-1A15-6312-79A7-4BDADD25C846}"
EndProject
Project("{FAE04EC0-301F-11D3-BF4B-00C04F79EFBC}") = "JogoAdivinhacao", "05-JogoAdivinhacao\JogoAdivinhacao.csproj", "{DC4D55FE-847F-BF51-9E13-E8D08DAC6F9A}"
EndProject
Project("{FAE04EC0-301F-11D3-BF4B-00C04F79EFBC}") = "CadastroAlunos", "06-CadastroAlunos\CadastroAlunos.csproj", "{9C19F938-9273-6132-EA89-CD56CB85A51D}"
EndProject
Project("{FAE04EC0-301F-11D3-BF4B-00C04F79EFBC}") = "ConversorMoedas", "07-ConversorMoedas\ConversorMoedas.csproj", "{93FFBDB2-48E1-2E6C-31C7-0B8753C98528}"
EndProject
Project("{FAE04EC0-301F-11D3-BF4B-00C04F79EFBC}") = "SistemaBiblioteca", "08-SistemaBiblioteca\SistemaBiblioteca.csproj", "{F9B6581C-681B-7BF5-B0ED-FF1E03EB10D8}"
EndProject
Project("{FAE04EC0-301F-11D3-BF4B-00C04F79EFBC}") = "JogoDaVelha", "09-JogoDaVelha\JogoDaVelha.csproj", "{0516093B-9F84-5765-1E7A-893502D3D3C5}"
EndProject
Project("{FAE04EC0-301F-11D3-BF4B-00C04F79EFBC}") = "SistemaBancario", "10-SistemaBancario\SistemaBancario.csproj", "{2BA1CFED-31F4-450D-5EC8-6052FE2F7143}"
EndProject
Global
	GlobalSection(SolutionConfigurationPlatforms) = preSolution
		Debug|Any CPU = Debug|Any CPU
		Release|Any CPU = Release|Any CPU
	EndGlobalSection
	GlobalSection(ProjectConfigurationPlatforms) = postSolution
		{2ADF0B25-D7EE-998A-D904-D465ECC2C37E}.Debug|Any CPU.ActiveCfg = Debug|Any CPU
		{2ADF0B25-D7EE-998A-D904-D465ECC2C37E}.Debug|Any CPU.Build.0 = Debug|Any CPU
		{2ADF0B25-D7EE-998A-D904-D465ECC2C37E}.Release|Any CPU.ActiveCfg = Release|Any CPU
		{2ADF0B25-D7EE-998A-D904-D465ECC2C37E}.Release|Any CPU.Build.0 = Release|Any CPU
		{C148DB7A-08BC-B71B-7417-F52471E62367}.Debug|Any CPU.ActiveCfg = Debug|Any CPU
		{C148DB7A-08BC-B71B-7417-F52471E62367}.Debug|Any CPU.Build.0 = Debug|Any CPU
		{C148DB7A-08BC-B71B-7417-F52471E62367}.Release|Any CPU.ActiveCfg = Release|Any CPU
		{C148DB7A-08BC-B71B-7417-F52471E62367}.Release|Any CPU.Build.0 = Release|Any CPU
		{51AC2237-8BD0-F658-DFFD-9558AF00B769}.Debug|Any CPU.ActiveCfg = Debug|Any CPU
		{51AC2237-8BD0-F658-DFFD-9558AF00B769}.Debug|Any CPU.Build.0 = Debug|Any CPU
		{51AC2237-8BD0-F658-DFFD-9558AF00B769}.Release|Any CPU.ActiveCfg = Release|Any CPU
		{51AC2237-8BD0-F658-DFFD-9558AF00B769}.Release|Any CPU.Build.0 = Release|Any CPU
		{A0C31F0D-1A15-6312-79A7-4BDADD25C846}.Debug|Any CPU.ActiveCfg = Debug|Any CPU
		{A0C31F0D-1A15-6312-79A7-4BDADD25C846}.Debug|Any CPU.Build.0 = Debug|Any CPU
		{A0C31F0D-1A15-6312-79A7-4BDADD25C846}.Release|Any CPU.ActiveCfg = Release|Any CPU
		{A0C31F0D-1A15-6312-79A7-4BDADD25C846}.Release|Any CPU.Build.0 = Release|Any CPU
		{DC4D55FE-847F-BF51-9E13-E8D08DAC6F9A}.Debug|Any CPU.ActiveCfg = Debug|Any CPU
		{DC4D55FE-847F-BF51-9E13-E8D08DAC6F9A}.Debug|Any CPU.Build.0 = Debug|Any CPU
		{DC4D55FE-847F-BF51-9E13-E8D08DAC6F9A}.Release|Any CPU.ActiveCfg = Release|Any CPU
		{DC4D55FE-847F-BF51-9E13-E8D08DAC6F9A}.Release|Any CPU.Build.0 = Release|Any CPU
		{9C19F938-9273-6132-EA89-CD56CB85A51D}.Debug|Any CPU.ActiveCfg = Debug|Any CPU
		{9C19F938-9273-6132-EA89-CD56CB85A51D}.Debug|Any CPU.Build.0 = Debug|Any CPU
		{9C19F938-9273-6132-EA89-CD56CB85A51D}.Release|Any CPU.ActiveCfg = Release|Any CPU
		{9C19F938-9273-6132-EA89-CD56CB85A51D}.Release|Any CPU.Build.0 = Release|Any CPU
		{93FFBDB2-48E1-2E6C-31C7-0B8753C98528}.Debug|Any CPU.ActiveCfg = Debug|Any CPU
		{93FFBDB2-48E1-2E6C-31C7-0B8753C98528}.Debug|Any CPU.Build.0 = Debug|Any CPU
		{93FFBDB2-48E1-2E6C-31C7-0B8753C98528}.Release|Any CPU.ActiveCfg = Release|Any CPU
		{93FFBDB2-48E1-2E6C-31C7-0B8753C98528}.Release|Any CPU.Build.0 = Release|Any CPU
		{F9B6581C-681B-7BF5-B0ED-FF1E03EB10D8}.Debug|Any CPU.ActiveCfg = Debug|Any CPU
		{F9B6581C-681B-7BF5-B0ED-FF1E03EB10D8}.Debug|Any CPU.Build.0 = Debug|Any CPU
		{F9B6581C-681B-7BF5-B0ED-FF1E03EB10D8}.Release|Any CPU.ActiveCfg = Release|Any CPU
		{F9B6581C-681B-7BF5-B0ED-FF1E03EB10D8}.Release|Any CPU.Build.0 = Release|Any CPU
		{0516093B-9F84-5765-1E7A-893502D3D3C5}.Debug|Any CPU.ActiveCfg = Debug|Any CPU
		{0516093B-9F84-5765-1E7A-893502D3D3C5}.Debug|Any CPU.Build.0 = Debug|Any CPU
		{0516093B-9F84-5765-1E7A-893502D3D3C5}.Release|Any CPU.ActiveCfg = Release|Any CPU
		{0516093B-9F84-5765-1E7A-893502D3D3C5}.Release|Any CPU.Build.0 = Release|Any CPU
		{2BA1CFED-31F4-450D-5EC8-6052FE2F7143}.Debug|Any CPU.ActiveCfg = Debug|Any CPU
		{2BA1CFED-31F4-450D-5EC8-6052FE2F7143}.Debug|Any CPU.Build.0 = Debug|Any CPU
		{2BA1CFED-31F4-450D-5EC8-6052FE2F7143}.Release|Any CPU.ActiveCfg = Release|Any CPU
		{2BA1CFED-31F4-450D-5EC8-6052FE2F7143}.Release|Any CPU.Build.0 = Release|Any CPU
	EndGlobalSection
	GlobalSection(SolutionProperties) = preSolution
		HideSolutionNode = FALSE
	EndGlobalSection
	GlobalSection(NestedProjects) = preSolution
		{2ADF0B25-D7EE-998A-D904-D465ECC2C37E} = {05D46BEC-C62D-B6A5-8452-E40B2F447C4C}
		{C148DB7A-08BC-B71B-7417-F52471E62367} = {69383A18-DCFB-6116-9838-09252E39B0C4}
		{51AC2237-8BD0-F658-DFFD-9558AF00B769} = {7F361F5B-F714-1379-6BF6-2914FA06F736}
		{A0C31F0D-1A15-6312-79A7-4BDADD25C846} = {91D280DC-6D25-7D09-2AF2-11E47C16F257}
		{DC4D55FE-847F-BF51-9E13-E8D08DAC6F9A} = {B00DBA83-3D86-D462-ECF5-A5C3183DC23C}
		{9C19F938-9273-6132-EA89-CD56CB85A51D} = {DCC6A589-FEDF-C669-2F4A-13CB4E133CF8}
		{93FFBDB2-48E1-2E6C-31C7-0B8753C98528} = {6EB04920-6D46-56DF-438A-4496118F7695}
		{F9B6581C-681B-7BF5-B0ED-FF1E03EB10D8} = {B824815F-7455-B84E-A6E9-01518FE3584E}
		{0516093B-9F84-5765-1E7A-893502D3D3C5} = {8C48FADC-D688-E64D-8588-EE09E4EFB117}
		{2BA1CFED-31F4-450D-5EC8-6052FE2F7143} = {3BC4B547-B666-C9EE-DB31-43B891865FA5}
	EndGlobalSection
	GlobalSection(ExtensibilityGlobals) = postSolution
		SolutionGuid = {AA2BFDCE-E0AE-4C9C-9E14-5C90B9700693}
	EndGlobalSection
EndGlobal
